
Microsoft Visual Studio Solution File, Format Version 12.00
# Visual Studio Version 17
VisualStudioVersion = 17.12.35707.178 d17.12
MinimumVisualStudioVersion = 10.0.40219.1
Project("{FAE04EC0-301F-11D3-BF4B-00C04F79EFBC}") = "DiscordClone", "DiscordClone\DiscordClone.csproj", "{A8559AC5-1C03-48D8-A6DC-66A1903AC595}"
EndProject
Global
	GlobalSection(SolutionConfigurationPlatforms) = preSolution
		Debug|Any CPU = Debug|Any CPU
		Release|Any CPU = Release|Any CPU
	EndGlobalSection
	GlobalSection(ProjectConfigurationPlatforms) = postSolution
		{A8559AC5-1C03-48D8-A6DC-66A1903AC595}.Debug|Any CPU.ActiveCfg = Debug|Any CPU
		{A8559AC5-1C03-48D8-A6DC-66A1903AC595}.Debug|Any CPU.Build.0 = Debug|Any CPU
		{A8559AC5-1C03-48D8-A6DC-66A1903AC595}.Release|Any CPU.ActiveCfg = Release|Any CPU
		{A8559AC5-1C03-48D8-A6DC-66A1903AC595}.Release|Any CPU.Build.0 = Release|Any CPU
	EndGlobalSection
	GlobalSection(SolutionProperties) = preSolution
		HideSolutionNode = FALSE
	EndGlobalSection
EndGlobal
